
Microsoft Visual Studio Solution File, Format Version 12.00
# Visual Studio 2012
Project("{FAE04EC0-301F-11D3-BF4B-00C04F79EFBC}") = "SkinningSample.ContentTypes.WindowsPhone", "SkinningSample.ContentTypes\SkinningSample.ContentTypes.WindowsPhone.csproj", "{DE77B762-0239-4AE1-BD0C-F447F4A7921A}"
EndProject
Project("{FAE04EC0-301F-11D3-BF4B-00C04F79EFBC}") = "SkinningSample.WindowsPhone", "SkinningSample.WindowsPhone\SkinningSample.WindowsPhone.csproj", "{525AC8A9-B723-48D4-9DB9-6135B65B4ADF}"
EndProject
Project("{FAE04EC0-301F-11D3-BF4B-00C04F79EFBC}") = "MonoGame.Framework.WindowsPhone", "..\..\MonoGame.Framework\MonoGame.Framework.WindowsPhone.csproj", "{BAA9A6E4-7690-4DE0-9531-DE0EAEEC9739}"
EndProject
Global
	GlobalSection(SolutionConfigurationPlatforms) = preSolution
		Android|Any CPU = Android|Any CPU
		Android|ARM = Android|ARM
		Android|Mixed Platforms = Android|Mixed Platforms
		Android|x64 = Android|x64
		Android|x86 = Android|x86
		Debug|Any CPU = Debug|Any CPU
		Debug|ARM = Debug|ARM
		Debug|Mixed Platforms = Debug|Mixed Platforms
		Debug|x64 = Debug|x64
		Debug|x86 = Debug|x86
		iOS|Any CPU = iOS|Any CPU
		iOS|ARM = iOS|ARM
		iOS|Mixed Platforms = iOS|Mixed Platforms
		iOS|x64 = iOS|x64
		iOS|x86 = iOS|x86
		Linux|Any CPU = Linux|Any CPU
		Linux|ARM = Linux|ARM
		Linux|Mixed Platforms = Linux|Mixed Platforms
		Linux|x64 = Linux|x64
		Linux|x86 = Linux|x86
		OSX|Any CPU = OSX|Any CPU
		OSX|ARM = OSX|ARM
		OSX|Mixed Platforms = OSX|Mixed Platforms
		OSX|x64 = OSX|x64
		OSX|x86 = OSX|x86
		PSM|Any CPU = PSM|Any CPU
		PSM|ARM = PSM|ARM
		PSM|Mixed Platforms = PSM|Mixed Platforms
		PSM|x64 = PSM|x64
		PSM|x86 = PSM|x86
		Release|Any CPU = Release|Any CPU
		Release|ARM = Release|ARM
		Release|Mixed Platforms = Release|Mixed Platforms
		Release|x64 = Release|x64
		Release|x86 = Release|x86
		Windows|Any CPU = Windows|Any CPU
		Windows|ARM = Windows|ARM
		Windows|Mixed Platforms = Windows|Mixed Platforms
		Windows|x64 = Windows|x64
		Windows|x86 = Windows|x86
		Windows8|Any CPU = Windows8|Any CPU
		Windows8|ARM = Windows8|ARM
		Windows8|Mixed Platforms = Windows8|Mixed Platforms
		Windows8|x64 = Windows8|x64
		Windows8|x86 = Windows8|x86
	EndGlobalSection
	GlobalSection(ProjectConfigurationPlatforms) = postSolution
		{DE77B762-0239-4AE1-BD0C-F447F4A7921A}.Android|Any CPU.ActiveCfg = Release|Any CPU
		{DE77B762-0239-4AE1-BD0C-F447F4A7921A}.Android|Any CPU.Build.0 = Release|Any CPU
		{DE77B762-0239-4AE1-BD0C-F447F4A7921A}.Android|ARM.ActiveCfg = Release|ARM
		{DE77B762-0239-4AE1-BD0C-F447F4A7921A}.Android|ARM.Build.0 = Release|ARM
		{DE77B762-0239-4AE1-BD0C-F447F4A7921A}.Android|Mixed Platforms.ActiveCfg = Release|x86
		{DE77B762-0239-4AE1-BD0C-F447F4A7921A}.Android|Mixed Platforms.Build.0 = Release|x86
		{DE77B762-0239-4AE1-BD0C-F447F4A7921A}.Android|x64.ActiveCfg = Release|Any CPU
		{DE77B762-0239-4AE1-BD0C-F447F4A7921A}.Android|x86.ActiveCfg = Release|x86
		{DE77B762-0239-4AE1-BD0C-F447F4A7921A}.Android|x86.Build.0 = Release|x86
		{DE77B762-0239-4AE1-BD0C-F447F4A7921A}.Debug|Any CPU.ActiveCfg = Debug|Any CPU
		{DE77B762-0239-4AE1-BD0C-F447F4A7921A}.Debug|Any CPU.Build.0 = Debug|Any CPU
		{DE77B762-0239-4AE1-BD0C-F447F4A7921A}.Debug|ARM.ActiveCfg = Debug|ARM
		{DE77B762-0239-4AE1-BD0C-F447F4A7921A}.Debug|ARM.Build.0 = Debug|ARM
		{DE77B762-0239-4AE1-BD0C-F447F4A7921A}.Debug|Mixed Platforms.ActiveCfg = Debug|x86
		{DE77B762-0239-4AE1-BD0C-F447F4A7921A}.Debug|Mixed Platforms.Build.0 = Debug|x86
		{DE77B762-0239-4AE1-BD0C-F447F4A7921A}.Debug|x64.ActiveCfg = Debug|Any CPU
		{DE77B762-0239-4AE1-BD0C-F447F4A7921A}.Debug|x86.ActiveCfg = Debug|x86
		{DE77B762-0239-4AE1-BD0C-F447F4A7921A}.Debug|x86.Build.0 = Debug|x86
		{DE77B762-0239-4AE1-BD0C-F447F4A7921A}.iOS|Any CPU.ActiveCfg = Release|Any CPU
		{DE77B762-0239-4AE1-BD0C-F447F4A7921A}.iOS|Any CPU.Build.0 = Release|Any CPU
		{DE77B762-0239-4AE1-BD0C-F447F4A7921A}.iOS|ARM.ActiveCfg = Release|ARM
		{DE77B762-0239-4AE1-BD0C-F447F4A7921A}.iOS|ARM.Build.0 = Release|ARM
		{DE77B762-0239-4AE1-BD0C-F447F4A7921A}.iOS|Mixed Platforms.ActiveCfg = Release|x86
		{DE77B762-0239-4AE1-BD0C-F447F4A7921A}.iOS|Mixed Platforms.Build.0 = Release|x86
		{DE77B762-0239-4AE1-BD0C-F447F4A7921A}.iOS|x64.ActiveCfg = Release|Any CPU
		{DE77B762-0239-4AE1-BD0C-F447F4A7921A}.iOS|x86.ActiveCfg = Release|x86
		{DE77B762-0239-4AE1-BD0C-F447F4A7921A}.iOS|x86.Build.0 = Release|x86
		{DE77B762-0239-4AE1-BD0C-F447F4A7921A}.Linux|Any CPU.ActiveCfg = Release|Any CPU
		{DE77B762-0239-4AE1-BD0C-F447F4A7921A}.Linux|Any CPU.Build.0 = Release|Any CPU
		{DE77B762-0239-4AE1-BD0C-F447F4A7921A}.Linux|ARM.ActiveCfg = Release|ARM
		{DE77B762-0239-4AE1-BD0C-F447F4A7921A}.Linux|ARM.Build.0 = Release|ARM
		{DE77B762-0239-4AE1-BD0C-F447F4A7921A}.Linux|Mixed Platforms.ActiveCfg = Release|x86
		{DE77B762-0239-4AE1-BD0C-F447F4A7921A}.Linux|Mixed Platforms.Build.0 = Release|x86
		{DE77B762-0239-4AE1-BD0C-F447F4A7921A}.Linux|x64.ActiveCfg = Release|Any CPU
		{DE77B762-0239-4AE1-BD0C-F447F4A7921A}.Linux|x86.ActiveCfg = Release|x86
		{DE77B762-0239-4AE1-BD0C-F447F4A7921A}.Linux|x86.Build.0 = Release|x86
		{DE77B762-0239-4AE1-BD0C-F447F4A7921A}.OSX|Any CPU.ActiveCfg = Release|Any CPU
		{DE77B762-0239-4AE1-BD0C-F447F4A7921A}.OSX|Any CPU.Build.0 = Release|Any CPU
		{DE77B762-0239-4AE1-BD0C-F447F4A7921A}.OSX|ARM.ActiveCfg = Release|ARM
		{DE77B762-0239-4AE1-BD0C-F447F4A7921A}.OSX|ARM.Build.0 = Release|ARM
		{DE77B762-0239-4AE1-BD0C-F447F4A7921A}.OSX|Mixed Platforms.ActiveCfg = Release|x86
		{DE77B762-0239-4AE1-BD0C-F447F4A7921A}.OSX|Mixed Platforms.Build.0 = Release|x86
		{DE77B762-0239-4AE1-BD0C-F447F4A7921A}.OSX|x64.ActiveCfg = Release|Any CPU
		{DE77B762-0239-4AE1-BD0C-F447F4A7921A}.OSX|x86.ActiveCfg = Release|x86
		{DE77B762-0239-4AE1-BD0C-F447F4A7921A}.OSX|x86.Build.0 = Release|x86
		{DE77B762-0239-4AE1-BD0C-F447F4A7921A}.PSM|Any CPU.ActiveCfg = Release|Any CPU
		{DE77B762-0239-4AE1-BD0C-F447F4A7921A}.PSM|Any CPU.Build.0 = Release|Any CPU
		{DE77B762-0239-4AE1-BD0C-F447F4A7921A}.PSM|ARM.ActiveCfg = Release|ARM
		{DE77B762-0239-4AE1-BD0C-F447F4A7921A}.PSM|ARM.Build.0 = Release|ARM
		{DE77B762-0239-4AE1-BD0C-F447F4A7921A}.PSM|Mixed Platforms.ActiveCfg = Release|x86
		{DE77B762-0239-4AE1-BD0C-F447F4A7921A}.PSM|Mixed Platforms.Build.0 = Release|x86
		{DE77B762-0239-4AE1-BD0C-F447F4A7921A}.PSM|x64.ActiveCfg = Release|Any CPU
		{DE77B762-0239-4AE1-BD0C-F447F4A7921A}.PSM|x86.ActiveCfg = Release|x86
		{DE77B762-0239-4AE1-BD0C-F447F4A7921A}.PSM|x86.Build.0 = Release|x86
		{DE77B762-0239-4AE1-BD0C-F447F4A7921A}.Release|Any CPU.ActiveCfg = Release|Any CPU
		{DE77B762-0239-4AE1-BD0C-F447F4A7921A}.Release|Any CPU.Build.0 = Release|Any CPU
		{DE77B762-0239-4AE1-BD0C-F447F4A7921A}.Release|ARM.ActiveCfg = Release|ARM
		{DE77B762-0239-4AE1-BD0C-F447F4A7921A}.Release|ARM.Build.0 = Release|ARM
		{DE77B762-0239-4AE1-BD0C-F447F4A7921A}.Release|Mixed Platforms.ActiveCfg = Release|x86
		{DE77B762-0239-4AE1-BD0C-F447F4A7921A}.Release|Mixed Platforms.Build.0 = Release|x86
		{DE77B762-0239-4AE1-BD0C-F447F4A7921A}.Release|x64.ActiveCfg = Release|Any CPU
		{DE77B762-0239-4AE1-BD0C-F447F4A7921A}.Release|x86.ActiveCfg = Release|x86
		{DE77B762-0239-4AE1-BD0C-F447F4A7921A}.Release|x86.Build.0 = Release|x86
		{DE77B762-0239-4AE1-BD0C-F447F4A7921A}.Windows|Any CPU.ActiveCfg = Release|Any CPU
		{DE77B762-0239-4AE1-BD0C-F447F4A7921A}.Windows|Any CPU.Build.0 = Release|Any CPU
		{DE77B762-0239-4AE1-BD0C-F447F4A7921A}.Windows|ARM.ActiveCfg = Release|ARM
		{DE77B762-0239-4AE1-BD0C-F447F4A7921A}.Windows|ARM.Build.0 = Release|ARM
		{DE77B762-0239-4AE1-BD0C-F447F4A7921A}.Windows|Mixed Platforms.ActiveCfg = Release|x86
		{DE77B762-0239-4AE1-BD0C-F447F4A7921A}.Windows|Mixed Platforms.Build.0 = Release|x86
		{DE77B762-0239-4AE1-BD0C-F447F4A7921A}.Windows|x64.ActiveCfg = Release|Any CPU
		{DE77B762-0239-4AE1-BD0C-F447F4A7921A}.Windows|x86.ActiveCfg = Release|x86
		{DE77B762-0239-4AE1-BD0C-F447F4A7921A}.Windows|x86.Build.0 = Release|x86
		{DE77B762-0239-4AE1-BD0C-F447F4A7921A}.Windows8|Any CPU.ActiveCfg = Release|Any CPU
		{DE77B762-0239-4AE1-BD0C-F447F4A7921A}.Windows8|Any CPU.Build.0 = Release|Any CPU
		{DE77B762-0239-4AE1-BD0C-F447F4A7921A}.Windows8|ARM.ActiveCfg = Release|ARM
		{DE77B762-0239-4AE1-BD0C-F447F4A7921A}.Windows8|ARM.Build.0 = Release|ARM
		{DE77B762-0239-4AE1-BD0C-F447F4A7921A}.Windows8|Mixed Platforms.ActiveCfg = Release|x86
		{DE77B762-0239-4AE1-BD0C-F447F4A7921A}.Windows8|Mixed Platforms.Build.0 = Release|x86
		{DE77B762-0239-4AE1-BD0C-F447F4A7921A}.Windows8|x64.ActiveCfg = Release|Any CPU
		{DE77B762-0239-4AE1-BD0C-F447F4A7921A}.Windows8|x86.ActiveCfg = Release|x86
		{DE77B762-0239-4AE1-BD0C-F447F4A7921A}.Windows8|x86.Build.0 = Release|x86
		{525AC8A9-B723-48D4-9DB9-6135B65B4ADF}.Android|Any CPU.ActiveCfg = Release|x86
		{525AC8A9-B723-48D4-9DB9-6135B65B4ADF}.Android|ARM.ActiveCfg = Release|ARM
		{525AC8A9-B723-48D4-9DB9-6135B65B4ADF}.Android|ARM.Build.0 = Release|ARM
		{525AC8A9-B723-48D4-9DB9-6135B65B4ADF}.Android|ARM.Deploy.0 = Release|ARM
		{525AC8A9-B723-48D4-9DB9-6135B65B4ADF}.Android|Mixed Platforms.ActiveCfg = Release|x86
		{525AC8A9-B723-48D4-9DB9-6135B65B4ADF}.Android|Mixed Platforms.Build.0 = Release|x86
		{525AC8A9-B723-48D4-9DB9-6135B65B4ADF}.Android|Mixed Platforms.Deploy.0 = Release|x86
		{525AC8A9-B723-48D4-9DB9-6135B65B4ADF}.Android|x64.ActiveCfg = Release|x86
		{525AC8A9-B723-48D4-9DB9-6135B65B4ADF}.Android|x86.ActiveCfg = Release|x86
		{525AC8A9-B723-48D4-9DB9-6135B65B4ADF}.Android|x86.Build.0 = Release|x86
		{525AC8A9-B723-48D4-9DB9-6135B65B4ADF}.Android|x86.Deploy.0 = Release|x86
		{525AC8A9-B723-48D4-9DB9-6135B65B4ADF}.Debug|Any CPU.ActiveCfg = Debug|x86
		{525AC8A9-B723-48D4-9DB9-6135B65B4ADF}.Debug|ARM.ActiveCfg = Debug|ARM
		{525AC8A9-B723-48D4-9DB9-6135B65B4ADF}.Debug|ARM.Build.0 = Debug|ARM
		{525AC8A9-B723-48D4-9DB9-6135B65B4ADF}.Debug|ARM.Deploy.0 = Debug|ARM
		{525AC8A9-B723-48D4-9DB9-6135B65B4ADF}.Debug|Mixed Platforms.ActiveCfg = Debug|x86
		{525AC8A9-B723-48D4-9DB9-6135B65B4ADF}.Debug|Mixed Platforms.Build.0 = Debug|x86
		{525AC8A9-B723-48D4-9DB9-6135B65B4ADF}.Debug|Mixed Platforms.Deploy.0 = Debug|x86
		{525AC8A9-B723-48D4-9DB9-6135B65B4ADF}.Debug|x64.ActiveCfg = Debug|x86
		{525AC8A9-B723-48D4-9DB9-6135B65B4ADF}.Debug|x86.ActiveCfg = Debug|x86
		{525AC8A9-B723-48D4-9DB9-6135B65B4ADF}.Debug|x86.Build.0 = Debug|x86
		{525AC8A9-B723-48D4-9DB9-6135B65B4ADF}.Debug|x86.Deploy.0 = Debug|x86
		{525AC8A9-B723-48D4-9DB9-6135B65B4ADF}.iOS|Any CPU.ActiveCfg = Release|x86
		{525AC8A9-B723-48D4-9DB9-6135B65B4ADF}.iOS|ARM.ActiveCfg = Release|ARM
		{525AC8A9-B723-48D4-9DB9-6135B65B4ADF}.iOS|ARM.Build.0 = Release|ARM
		{525AC8A9-B723-48D4-9DB9-6135B65B4ADF}.iOS|ARM.Deploy.0 = Release|ARM
		{525AC8A9-B723-48D4-9DB9-6135B65B4ADF}.iOS|Mixed Platforms.ActiveCfg = Release|x86
		{525AC8A9-B723-48D4-9DB9-6135B65B4ADF}.iOS|Mixed Platforms.Build.0 = Release|x86
		{525AC8A9-B723-48D4-9DB9-6135B65B4ADF}.iOS|Mixed Platforms.Deploy.0 = Release|x86
		{525AC8A9-B723-48D4-9DB9-6135B65B4ADF}.iOS|x64.ActiveCfg = Release|x86
		{525AC8A9-B723-48D4-9DB9-6135B65B4ADF}.iOS|x86.ActiveCfg = Release|x86
		{525AC8A9-B723-48D4-9DB9-6135B65B4ADF}.iOS|x86.Build.0 = Release|x86
		{525AC8A9-B723-48D4-9DB9-6135B65B4ADF}.iOS|x86.Deploy.0 = Release|x86
		{525AC8A9-B723-48D4-9DB9-6135B65B4ADF}.Linux|Any CPU.ActiveCfg = Release|x86
		{525AC8A9-B723-48D4-9DB9-6135B65B4ADF}.Linux|ARM.ActiveCfg = Release|ARM
		{525AC8A9-B723-48D4-9DB9-6135B65B4ADF}.Linux|ARM.Build.0 = Release|ARM
		{525AC8A9-B723-48D4-9DB9-6135B65B4ADF}.Linux|ARM.Deploy.0 = Release|ARM
		{525AC8A9-B723-48D4-9DB9-6135B65B4ADF}.Linux|Mixed Platforms.ActiveCfg = Release|x86
		{525AC8A9-B723-48D4-9DB9-6135B65B4ADF}.Linux|Mixed Platforms.Build.0 = Release|x86
		{525AC8A9-B723-48D4-9DB9-6135B65B4ADF}.Linux|Mixed Platforms.Deploy.0 = Release|x86
		{525AC8A9-B723-48D4-9DB9-6135B65B4ADF}.Linux|x64.ActiveCfg = Release|x86
		{525AC8A9-B723-48D4-9DB9-6135B65B4ADF}.Linux|x86.ActiveCfg = Release|x86
		{525AC8A9-B723-48D4-9DB9-6135B65B4ADF}.Linux|x86.Build.0 = Release|x86
		{525AC8A9-B723-48D4-9DB9-6135B65B4ADF}.Linux|x86.Deploy.0 = Release|x86
		{525AC8A9-B723-48D4-9DB9-6135B65B4ADF}.OSX|Any CPU.ActiveCfg = Release|x86
		{525AC8A9-B723-48D4-9DB9-6135B65B4ADF}.OSX|ARM.ActiveCfg = Release|ARM
		{525AC8A9-B723-48D4-9DB9-6135B65B4ADF}.OSX|ARM.Build.0 = Release|ARM
		{525AC8A9-B723-48D4-9DB9-6135B65B4ADF}.OSX|ARM.Deploy.0 = Release|ARM
		{525AC8A9-B723-48D4-9DB9-6135B65B4ADF}.OSX|Mixed Platforms.ActiveCfg = Release|x86
		{525AC8A9-B723-48D4-9DB9-6135B65B4ADF}.OSX|Mixed Platforms.Build.0 = Release|x86
		{525AC8A9-B723-48D4-9DB9-6135B65B4ADF}.OSX|Mixed Platforms.Deploy.0 = Release|x86
		{525AC8A9-B723-48D4-9DB9-6135B65B4ADF}.OSX|x64.ActiveCfg = Release|x86
		{525AC8A9-B723-48D4-9DB9-6135B65B4ADF}.OSX|x86.ActiveCfg = Release|x86
		{525AC8A9-B723-48D4-9DB9-6135B65B4ADF}.OSX|x86.Build.0 = Release|x86
		{525AC8A9-B723-48D4-9DB9-6135B65B4ADF}.OSX|x86.Deploy.0 = Release|x86
		{525AC8A9-B723-48D4-9DB9-6135B65B4ADF}.PSM|Any CPU.ActiveCfg = Release|x86
		{525AC8A9-B723-48D4-9DB9-6135B65B4ADF}.PSM|ARM.ActiveCfg = Release|ARM
		{525AC8A9-B723-48D4-9DB9-6135B65B4ADF}.PSM|ARM.Build.0 = Release|ARM
		{525AC8A9-B723-48D4-9DB9-6135B65B4ADF}.PSM|ARM.Deploy.0 = Release|ARM
		{525AC8A9-B723-48D4-9DB9-6135B65B4ADF}.PSM|Mixed Platforms.ActiveCfg = Release|x86
		{525AC8A9-B723-48D4-9DB9-6135B65B4ADF}.PSM|Mixed Platforms.Build.0 = Release|x86
		{525AC8A9-B723-48D4-9DB9-6135B65B4ADF}.PSM|Mixed Platforms.Deploy.0 = Release|x86
		{525AC8A9-B723-48D4-9DB9-6135B65B4ADF}.PSM|x64.ActiveCfg = Release|x86
		{525AC8A9-B723-48D4-9DB9-6135B65B4ADF}.PSM|x86.ActiveCfg = Release|x86
		{525AC8A9-B723-48D4-9DB9-6135B65B4ADF}.PSM|x86.Build.0 = Release|x86
		{525AC8A9-B723-48D4-9DB9-6135B65B4ADF}.PSM|x86.Deploy.0 = Release|x86
		{525AC8A9-B723-48D4-9DB9-6135B65B4ADF}.Release|Any CPU.ActiveCfg = Release|x86
		{525AC8A9-B723-48D4-9DB9-6135B65B4ADF}.Release|ARM.ActiveCfg = Release|ARM
		{525AC8A9-B723-48D4-9DB9-6135B65B4ADF}.Release|ARM.Build.0 = Release|ARM
		{525AC8A9-B723-48D4-9DB9-6135B65B4ADF}.Release|ARM.Deploy.0 = Release|ARM
		{525AC8A9-B723-48D4-9DB9-6135B65B4ADF}.Release|Mixed Platforms.ActiveCfg = Release|x86
		{525AC8A9-B723-48D4-9DB9-6135B65B4ADF}.Release|Mixed Platforms.Build.0 = Release|x86
		{525AC8A9-B723-48D4-9DB9-6135B65B4ADF}.Release|Mixed Platforms.Deploy.0 = Release|x86
		{525AC8A9-B723-48D4-9DB9-6135B65B4ADF}.Release|x64.ActiveCfg = Release|x86
		{525AC8A9-B723-48D4-9DB9-6135B65B4ADF}.Release|x86.ActiveCfg = Release|x86
		{525AC8A9-B723-48D4-9DB9-6135B65B4ADF}.Release|x86.Build.0 = Release|x86
		{525AC8A9-B723-48D4-9DB9-6135B65B4ADF}.Release|x86.Deploy.0 = Release|x86
		{525AC8A9-B723-48D4-9DB9-6135B65B4ADF}.Windows|Any CPU.ActiveCfg = Release|x86
		{525AC8A9-B723-48D4-9DB9-6135B65B4ADF}.Windows|ARM.ActiveCfg = Release|ARM
		{525AC8A9-B723-48D4-9DB9-6135B65B4ADF}.Windows|ARM.Build.0 = Release|ARM
		{525AC8A9-B723-48D4-9DB9-6135B65B4ADF}.Windows|ARM.Deploy.0 = Release|ARM
		{525AC8A9-B723-48D4-9DB9-6135B65B4ADF}.Windows|Mixed Platforms.ActiveCfg = Release|x86
		{525AC8A9-B723-48D4-9DB9-6135B65B4ADF}.Windows|Mixed Platforms.Build.0 = Release|x86
		{525AC8A9-B723-48D4-9DB9-6135B65B4ADF}.Windows|Mixed Platforms.Deploy.0 = Release|x86
		{525AC8A9-B723-48D4-9DB9-6135B65B4ADF}.Windows|x64.ActiveCfg = Release|x86
		{525AC8A9-B723-48D4-9DB9-6135B65B4ADF}.Windows|x86.ActiveCfg = Release|x86
		{525AC8A9-B723-48D4-9DB9-6135B65B4ADF}.Windows|x86.Build.0 = Release|x86
		{525AC8A9-B723-48D4-9DB9-6135B65B4ADF}.Windows|x86.Deploy.0 = Release|x86
		{525AC8A9-B723-48D4-9DB9-6135B65B4ADF}.Windows8|Any CPU.ActiveCfg = Release|x86
		{525AC8A9-B723-48D4-9DB9-6135B65B4ADF}.Windows8|ARM.ActiveCfg = Release|ARM
		{525AC8A9-B723-48D4-9DB9-6135B65B4ADF}.Windows8|ARM.Build.0 = Release|ARM
		{525AC8A9-B723-48D4-9DB9-6135B65B4ADF}.Windows8|ARM.Deploy.0 = Release|ARM
		{525AC8A9-B723-48D4-9DB9-6135B65B4ADF}.Windows8|Mixed Platforms.ActiveCfg = Release|x86
		{525AC8A9-B723-48D4-9DB9-6135B65B4ADF}.Windows8|Mixed Platforms.Build.0 = Release|x86
		{525AC8A9-B723-48D4-9DB9-6135B65B4ADF}.Windows8|Mixed Platforms.Deploy.0 = Release|x86
		{525AC8A9-B723-48D4-9DB9-6135B65B4ADF}.Windows8|x64.ActiveCfg = Release|x86
		{525AC8A9-B723-48D4-9DB9-6135B65B4ADF}.Windows8|x86.ActiveCfg = Release|x86
		{525AC8A9-B723-48D4-9DB9-6135B65B4ADF}.Windows8|x86.Build.0 = Release|x86
		{525AC8A9-B723-48D4-9DB9-6135B65B4ADF}.Windows8|x86.Deploy.0 = Release|x86
		{BAA9A6E4-7690-4DE0-9531-DE0EAEEC9739}.Android|Any CPU.ActiveCfg = Release|Any CPU
		{BAA9A6E4-7690-4DE0-9531-DE0EAEEC9739}.Android|Any CPU.Build.0 = Release|Any CPU
		{BAA9A6E4-7690-4DE0-9531-DE0EAEEC9739}.Android|ARM.ActiveCfg = Release|ARM
		{BAA9A6E4-7690-4DE0-9531-DE0EAEEC9739}.Android|ARM.Build.0 = Release|ARM
		{BAA9A6E4-7690-4DE0-9531-DE0EAEEC9739}.Android|Mixed Platforms.ActiveCfg = Release|x86
		{BAA9A6E4-7690-4DE0-9531-DE0EAEEC9739}.Android|Mixed Platforms.Build.0 = Release|x86
		{BAA9A6E4-7690-4DE0-9531-DE0EAEEC9739}.Android|x64.ActiveCfg = Release|Any CPU
		{BAA9A6E4-7690-4DE0-9531-DE0EAEEC9739}.Android|x86.ActiveCfg = Release|x86
		{BAA9A6E4-7690-4DE0-9531-DE0EAEEC9739}.Android|x86.Build.0 = Release|x86
		{BAA9A6E4-7690-4DE0-9531-DE0EAEEC9739}.Debug|Any CPU.ActiveCfg = Debug|Any CPU
		{BAA9A6E4-7690-4DE0-9531-DE0EAEEC9739}.Debug|Any CPU.Build.0 = Debug|Any CPU
		{BAA9A6E4-7690-4DE0-9531-DE0EAEEC9739}.Debug|ARM.ActiveCfg = Debug|ARM
		{BAA9A6E4-7690-4DE0-9531-DE0EAEEC9739}.Debug|ARM.Build.0 = Debug|ARM
		{BAA9A6E4-7690-4DE0-9531-DE0EAEEC9739}.Debug|Mixed Platforms.ActiveCfg = Debug|x86
		{BAA9A6E4-7690-4DE0-9531-DE0EAEEC9739}.Debug|Mixed Platforms.Build.0 = Debug|x86
		{BAA9A6E4-7690-4DE0-9531-DE0EAEEC9739}.Debug|x64.ActiveCfg = Debug|Any CPU
		{BAA9A6E4-7690-4DE0-9531-DE0EAEEC9739}.Debug|x86.ActiveCfg = Debug|x86
		{BAA9A6E4-7690-4DE0-9531-DE0EAEEC9739}.Debug|x86.Build.0 = Debug|x86
		{BAA9A6E4-7690-4DE0-9531-DE0EAEEC9739}.iOS|Any CPU.ActiveCfg = Release|Any CPU
		{BAA9A6E4-7690-4DE0-9531-DE0EAEEC9739}.iOS|Any CPU.Build.0 = Release|Any CPU
		{BAA9A6E4-7690-4DE0-9531-DE0EAEEC9739}.iOS|ARM.ActiveCfg = Release|ARM
		{BAA9A6E4-7690-4DE0-9531-DE0EAEEC9739}.iOS|ARM.Build.0 = Release|ARM
		{BAA9A6E4-7690-4DE0-9531-DE0EAEEC9739}.iOS|Mixed Platforms.ActiveCfg = Release|x86
		{BAA9A6E4-7690-4DE0-9531-DE0EAEEC9739}.iOS|Mixed Platforms.Build.0 = Release|x86
		{BAA9A6E4-7690-4DE0-9531-DE0EAEEC9739}.iOS|x64.ActiveCfg = Release|Any CPU
		{BAA9A6E4-7690-4DE0-9531-DE0EAEEC9739}.iOS|x86.ActiveCfg = Release|x86
		{BAA9A6E4-7690-4DE0-9531-DE0EAEEC9739}.iOS|x86.Build.0 = Release|x86
		{BAA9A6E4-7690-4DE0-9531-DE0EAEEC9739}.Linux|Any CPU.ActiveCfg = Release|Any CPU
		{BAA9A6E4-7690-4DE0-9531-DE0EAEEC9739}.Linux|Any CPU.Build.0 = Release|Any CPU
		{BAA9A6E4-7690-4DE0-9531-DE0EAEEC9739}.Linux|ARM.ActiveCfg = Release|ARM
		{BAA9A6E4-7690-4DE0-9531-DE0EAEEC9739}.Linux|ARM.Build.0 = Release|ARM
		{BAA9A6E4-7690-4DE0-9531-DE0EAEEC9739}.Linux|Mixed Platforms.ActiveCfg = Release|x86
		{BAA9A6E4-7690-4DE0-9531-DE0EAEEC9739}.Linux|Mixed Platforms.Build.0 = Release|x86
		{BAA9A6E4-7690-4DE0-9531-DE0EAEEC9739}.Linux|x64.ActiveCfg = Release|Any CPU
		{BAA9A6E4-7690-4DE0-9531-DE0EAEEC9739}.Linux|x86.ActiveCfg = Release|x86
		{BAA9A6E4-7690-4DE0-9531-DE0EAEEC9739}.Linux|x86.Build.0 = Release|x86
		{BAA9A6E4-7690-4DE0-9531-DE0EAEEC9739}.OSX|Any CPU.ActiveCfg = Release|Any CPU
		{BAA9A6E4-7690-4DE0-9531-DE0EAEEC9739}.OSX|Any CPU.Build.0 = Release|Any CPU
		{BAA9A6E4-7690-4DE0-9531-DE0EAEEC9739}.OSX|ARM.ActiveCfg = Release|ARM
		{BAA9A6E4-7690-4DE0-9531-DE0EAEEC9739}.OSX|ARM.Build.0 = Release|ARM
		{BAA9A6E4-7690-4DE0-9531-DE0EAEEC9739}.OSX|Mixed Platforms.ActiveCfg = Release|x86
		{BAA9A6E4-7690-4DE0-9531-DE0EAEEC9739}.OSX|Mixed Platforms.Build.0 = Release|x86
		{BAA9A6E4-7690-4DE0-9531-DE0EAEEC9739}.OSX|x64.ActiveCfg = Release|Any CPU
		{BAA9A6E4-7690-4DE0-9531-DE0EAEEC9739}.OSX|x86.ActiveCfg = Release|x86
		{BAA9A6E4-7690-4DE0-9531-DE0EAEEC9739}.OSX|x86.Build.0 = Release|x86
		{BAA9A6E4-7690-4DE0-9531-DE0EAEEC9739}.PSM|Any CPU.ActiveCfg = Release|Any CPU
		{BAA9A6E4-7690-4DE0-9531-DE0EAEEC9739}.PSM|Any CPU.Build.0 = Release|Any CPU
		{BAA9A6E4-7690-4DE0-9531-DE0EAEEC9739}.PSM|ARM.ActiveCfg = Release|ARM
		{BAA9A6E4-7690-4DE0-9531-DE0EAEEC9739}.PSM|ARM.Build.0 = Release|ARM
		{BAA9A6E4-7690-4DE0-9531-DE0EAEEC9739}.PSM|Mixed Platforms.ActiveCfg = Release|x86
		{BAA9A6E4-7690-4DE0-9531-DE0EAEEC9739}.PSM|Mixed Platforms.Build.0 = Release|x86
		{BAA9A6E4-7690-4DE0-9531-DE0EAEEC9739}.PSM|x64.ActiveCfg = Release|Any CPU
		{BAA9A6E4-7690-4DE0-9531-DE0EAEEC9739}.PSM|x86.ActiveCfg = Release|x86
		{BAA9A6E4-7690-4DE0-9531-DE0EAEEC9739}.PSM|x86.Build.0 = Release|x86
		{BAA9A6E4-7690-4DE0-9531-DE0EAEEC9739}.Release|Any CPU.ActiveCfg = Release|Any CPU
		{BAA9A6E4-7690-4DE0-9531-DE0EAEEC9739}.Release|Any CPU.Build.0 = Release|Any CPU
		{BAA9A6E4-7690-4DE0-9531-DE0EAEEC9739}.Release|ARM.ActiveCfg = Release|ARM
		{BAA9A6E4-7690-4DE0-9531-DE0EAEEC9739}.Release|ARM.Build.0 = Release|ARM
		{BAA9A6E4-7690-4DE0-9531-DE0EAEEC9739}.Release|Mixed Platforms.ActiveCfg = Release|x86
		{BAA9A6E4-7690-4DE0-9531-DE0EAEEC9739}.Release|Mixed Platforms.Build.0 = Release|x86
		{BAA9A6E4-7690-4DE0-9531-DE0EAEEC9739}.Release|x64.ActiveCfg = Release|Any CPU
		{BAA9A6E4-7690-4DE0-9531-DE0EAEEC9739}.Release|x86.ActiveCfg = Release|x86
		{BAA9A6E4-7690-4DE0-9531-DE0EAEEC9739}.Release|x86.Build.0 = Release|x86
		{BAA9A6E4-7690-4DE0-9531-DE0EAEEC9739}.Windows|Any CPU.ActiveCfg = Release|Any CPU
		{BAA9A6E4-7690-4DE0-9531-DE0EAEEC9739}.Windows|Any CPU.Build.0 = Release|Any CPU
		{BAA9A6E4-7690-4DE0-9531-DE0EAEEC9739}.Windows|ARM.ActiveCfg = Release|ARM
		{BAA9A6E4-7690-4DE0-9531-DE0EAEEC9739}.Windows|ARM.Build.0 = Release|ARM
		{BAA9A6E4-7690-4DE0-9531-DE0EAEEC9739}.Windows|Mixed Platforms.ActiveCfg = Release|x86
		{BAA9A6E4-7690-4DE0-9531-DE0EAEEC9739}.Windows|Mixed Platforms.Build.0 = Release|x86
		{BAA9A6E4-7690-4DE0-9531-DE0EAEEC9739}.Windows|x64.ActiveCfg = Release|Any CPU
		{BAA9A6E4-7690-4DE0-9531-DE0EAEEC9739}.Windows|x86.ActiveCfg = Release|x86
		{BAA9A6E4-7690-4DE0-9531-DE0EAEEC9739}.Windows|x86.Build.0 = Release|x86
		{BAA9A6E4-7690-4DE0-9531-DE0EAEEC9739}.Windows8|Any CPU.ActiveCfg = Release|Any CPU
		{BAA9A6E4-7690-4DE0-9531-DE0EAEEC9739}.Windows8|Any CPU.Build.0 = Release|Any CPU
		{BAA9A6E4-7690-4DE0-9531-DE0EAEEC9739}.Windows8|ARM.ActiveCfg = Release|ARM
		{BAA9A6E4-7690-4DE0-9531-DE0EAEEC9739}.Windows8|ARM.Build.0 = Release|ARM
		{BAA9A6E4-7690-4DE0-9531-DE0EAEEC9739}.Windows8|Mixed Platforms.ActiveCfg = Release|x86
		{BAA9A6E4-7690-4DE0-9531-DE0EAEEC9739}.Windows8|Mixed Platforms.Build.0 = Release|x86
		{BAA9A6E4-7690-4DE0-9531-DE0EAEEC9739}.Windows8|x64.ActiveCfg = Release|Any CPU
		{BAA9A6E4-7690-4DE0-9531-DE0EAEEC9739}.Windows8|x86.ActiveCfg = Release|x86
		{BAA9A6E4-7690-4DE0-9531-DE0EAEEC9739}.Windows8|x86.Build.0 = Release|x86
	EndGlobalSection
	GlobalSection(SolutionProperties) = preSolution
		HideSolutionNode = FALSE
	EndGlobalSection
EndGlobal
