
Microsoft Visual Studio Solution File, Format Version 11.00
# Visual Studio 2010
Project("{FAE04EC0-301F-11D3-BF4B-00C04F79EFBC}") = "CustomModelSample", "CustomModelSample.PSM\CustomModelSample.csproj", "{AF688CD4-8648-41C7-BC17-29DB972CB017}"
EndProject
Project("{FAE04EC0-301F-11D3-BF4B-00C04F79EFBC}") = "CustomModelTypes.PSM", "CustomModelTypes\CustomModelTypes.PSM.csproj", "{92CC3503-4449-4084-803D-96625C70ABBA}"
EndProject
Project("{FAE04EC0-301F-11D3-BF4B-00C04F79EFBC}") = "Lidgren.Network.PSMobile", "..\..\ThirdParty\Lidgren.Network\Lidgren.Network.PSMobile.csproj", "{167676EE-E2D5-440A-BB2B-EFBD02BC8493}"
EndProject
Project("{FAE04EC0-301F-11D3-BF4B-00C04F79EFBC}") = "MonoGame.Framework.PSMobile", "..\..\MonoGame.Framework\MonoGame.Framework.PSMobile.csproj", "{EA26E76F-FDFE-4A8C-B5A3-C3B5761E28F9}"
EndProject
Global
	GlobalSection(SolutionConfigurationPlatforms) = preSolution
		Debug|Any CPU = Debug|Any CPU
		Release|Any CPU = Release|Any CPU
	EndGlobalSection
	GlobalSection(ProjectConfigurationPlatforms) = postSolution
		{167676EE-E2D5-440A-BB2B-EFBD02BC8493}.Debug|Any CPU.ActiveCfg = Debug|Any CPU
		{167676EE-E2D5-440A-BB2B-EFBD02BC8493}.Debug|Any CPU.Build.0 = Debug|Any CPU
		{167676EE-E2D5-440A-BB2B-EFBD02BC8493}.Release|Any CPU.ActiveCfg = Release|Any CPU
		{167676EE-E2D5-440A-BB2B-EFBD02BC8493}.Release|Any CPU.Build.0 = Release|Any CPU
		{92CC3503-4449-4084-803D-96625C70ABBA}.Debug|Any CPU.ActiveCfg = Debug|Any CPU
		{92CC3503-4449-4084-803D-96625C70ABBA}.Debug|Any CPU.Build.0 = Debug|Any CPU
		{92CC3503-4449-4084-803D-96625C70ABBA}.Release|Any CPU.ActiveCfg = Release|Any CPU
		{92CC3503-4449-4084-803D-96625C70ABBA}.Release|Any CPU.Build.0 = Release|Any CPU
		{AF688CD4-8648-41C7-BC17-29DB972CB017}.Debug|Any CPU.ActiveCfg = Debug|Any CPU
		{AF688CD4-8648-41C7-BC17-29DB972CB017}.Debug|Any CPU.Build.0 = Debug|Any CPU
		{AF688CD4-8648-41C7-BC17-29DB972CB017}.Release|Any CPU.ActiveCfg = Release|Any CPU
		{AF688CD4-8648-41C7-BC17-29DB972CB017}.Release|Any CPU.Build.0 = Release|Any CPU
		{EA26E76F-FDFE-4A8C-B5A3-C3B5761E28F9}.Debug|Any CPU.ActiveCfg = Debug|Any CPU
		{EA26E76F-FDFE-4A8C-B5A3-C3B5761E28F9}.Debug|Any CPU.Build.0 = Debug|Any CPU
		{EA26E76F-FDFE-4A8C-B5A3-C3B5761E28F9}.Release|Any CPU.ActiveCfg = Release|Any CPU
		{EA26E76F-FDFE-4A8C-B5A3-C3B5761E28F9}.Release|Any CPU.Build.0 = Release|Any CPU
		{167676EE-E2D5-440A-BB2B-EFBD02BC8493}.Debug|Any CPU.ActiveCfg = Debug|Any CPU
		{167676EE-E2D5-440A-BB2B-EFBD02BC8493}.Debug|Any CPU.Build.0 = Debug|Any CPU
		{167676EE-E2D5-440A-BB2B-EFBD02BC8493}.Release|Any CPU.ActiveCfg = Release|Any CPU
		{167676EE-E2D5-440A-BB2B-EFBD02BC8493}.Release|Any CPU.Build.0 = Release|Any CPU
		{EA26E76F-FDFE-4A8C-B5A3-C3B5761E28F9}.Debug|Any CPU.ActiveCfg = Debug|Any CPU
		{EA26E76F-FDFE-4A8C-B5A3-C3B5761E28F9}.Debug|Any CPU.Build.0 = Debug|Any CPU
		{EA26E76F-FDFE-4A8C-B5A3-C3B5761E28F9}.Release|Any CPU.ActiveCfg = Release|Any CPU
		{EA26E76F-FDFE-4A8C-B5A3-C3B5761E28F9}.Release|Any CPU.Build.0 = Release|Any CPU
	EndGlobalSection
	GlobalSection(MonoDevelopProperties) = preSolution
		StartupItem = CustomModelSample.PSM\CustomModelSample.csproj
	EndGlobalSection
EndGlobal
