
Microsoft Visual Studio Solution File, Format Version 12.00
# Visual Studio 2012
Project("{FAE04EC0-301F-11D3-BF4B-00C04F79EFBC}") = "CustomModelClassSample.WindowsGL", "CustomModelClassSample.WindowsGL\CustomModelClassSample.WindowsGL.csproj", "{244676A3-5EEB-4114-9D49-C3E8AA9DD143}"
EndProject
Project("{FAE04EC0-301F-11D3-BF4B-00C04F79EFBC}") = "CustomModelTypes.WindowsGL", "CustomModelTypes\CustomModelTypes.WindowsGL.csproj", "{EE26AEF8-A984-4D01-AFF6-79FEA4620EB1}"
EndProject
Project("{FAE04EC0-301F-11D3-BF4B-00C04F79EFBC}") = "MonoGame.Framework.WindowsGL", "..\..\MonoGame.Framework\MonoGame.Framework.WindowsGL.csproj", "{7DE47032-A904-4C29-BD22-2D235E8D91BA}"
EndProject
Project("{FAE04EC0-301F-11D3-BF4B-00C04F79EFBC}") = "Lidgren.Network.Windows", "..\..\ThirdParty\Lidgren.Network\Lidgren.Network.Windows.csproj", "{AE483C29-042E-4226-BA52-D247CE7676DA}"
EndProject
Global
	GlobalSection(SolutionConfigurationPlatforms) = preSolution
		Android|Any CPU = Android|Any CPU
		Android|ARM = Android|ARM
		Android|Mixed Platforms = Android|Mixed Platforms
		Android|x86 = Android|x86
		Android|Xbox 360 = Android|Xbox 360
		Debug|Any CPU = Debug|Any CPU
		Debug|ARM = Debug|ARM
		Debug|Mixed Platforms = Debug|Mixed Platforms
		Debug|x86 = Debug|x86
		Debug|Xbox 360 = Debug|Xbox 360
		iOS|Any CPU = iOS|Any CPU
		iOS|ARM = iOS|ARM
		iOS|Mixed Platforms = iOS|Mixed Platforms
		iOS|x86 = iOS|x86
		iOS|Xbox 360 = iOS|Xbox 360
		Linux|Any CPU = Linux|Any CPU
		Linux|ARM = Linux|ARM
		Linux|Mixed Platforms = Linux|Mixed Platforms
		Linux|x86 = Linux|x86
		Linux|Xbox 360 = Linux|Xbox 360
		OSX|Any CPU = OSX|Any CPU
		OSX|ARM = OSX|ARM
		OSX|Mixed Platforms = OSX|Mixed Platforms
		OSX|x86 = OSX|x86
		OSX|Xbox 360 = OSX|Xbox 360
		PSM|Any CPU = PSM|Any CPU
		PSM|ARM = PSM|ARM
		PSM|Mixed Platforms = PSM|Mixed Platforms
		PSM|x86 = PSM|x86
		PSM|Xbox 360 = PSM|Xbox 360
		Release|Any CPU = Release|Any CPU
		Release|ARM = Release|ARM
		Release|Mixed Platforms = Release|Mixed Platforms
		Release|x86 = Release|x86
		Release|Xbox 360 = Release|Xbox 360
		Windows|Any CPU = Windows|Any CPU
		Windows|ARM = Windows|ARM
		Windows|Mixed Platforms = Windows|Mixed Platforms
		Windows|x86 = Windows|x86
		Windows|Xbox 360 = Windows|Xbox 360
		Windows8|Any CPU = Windows8|Any CPU
		Windows8|ARM = Windows8|ARM
		Windows8|Mixed Platforms = Windows8|Mixed Platforms
		Windows8|x86 = Windows8|x86
		Windows8|Xbox 360 = Windows8|Xbox 360
	EndGlobalSection
	GlobalSection(ProjectConfigurationPlatforms) = postSolution
		{244676A3-5EEB-4114-9D49-C3E8AA9DD143}.Android|Any CPU.ActiveCfg = Release|x86
		{244676A3-5EEB-4114-9D49-C3E8AA9DD143}.Android|ARM.ActiveCfg = Debug|x86
		{244676A3-5EEB-4114-9D49-C3E8AA9DD143}.Android|Mixed Platforms.ActiveCfg = Release|x86
		{244676A3-5EEB-4114-9D49-C3E8AA9DD143}.Android|Mixed Platforms.Build.0 = Release|x86
		{244676A3-5EEB-4114-9D49-C3E8AA9DD143}.Android|Mixed Platforms.Deploy.0 = Release|x86
		{244676A3-5EEB-4114-9D49-C3E8AA9DD143}.Android|x86.ActiveCfg = Release|x86
		{244676A3-5EEB-4114-9D49-C3E8AA9DD143}.Android|x86.Build.0 = Release|x86
		{244676A3-5EEB-4114-9D49-C3E8AA9DD143}.Android|x86.Deploy.0 = Release|x86
		{244676A3-5EEB-4114-9D49-C3E8AA9DD143}.Android|Xbox 360.ActiveCfg = Release|x86
		{244676A3-5EEB-4114-9D49-C3E8AA9DD143}.Debug|Any CPU.ActiveCfg = Debug|x86
		{244676A3-5EEB-4114-9D49-C3E8AA9DD143}.Debug|ARM.ActiveCfg = Debug|x86
		{244676A3-5EEB-4114-9D49-C3E8AA9DD143}.Debug|Mixed Platforms.ActiveCfg = Debug|x86
		{244676A3-5EEB-4114-9D49-C3E8AA9DD143}.Debug|Mixed Platforms.Build.0 = Debug|x86
		{244676A3-5EEB-4114-9D49-C3E8AA9DD143}.Debug|Mixed Platforms.Deploy.0 = Debug|x86
		{244676A3-5EEB-4114-9D49-C3E8AA9DD143}.Debug|x86.ActiveCfg = Debug|x86
		{244676A3-5EEB-4114-9D49-C3E8AA9DD143}.Debug|x86.Build.0 = Debug|x86
		{244676A3-5EEB-4114-9D49-C3E8AA9DD143}.Debug|x86.Deploy.0 = Debug|x86
		{244676A3-5EEB-4114-9D49-C3E8AA9DD143}.Debug|Xbox 360.ActiveCfg = Debug|x86
		{244676A3-5EEB-4114-9D49-C3E8AA9DD143}.iOS|Any CPU.ActiveCfg = Release|x86
		{244676A3-5EEB-4114-9D49-C3E8AA9DD143}.iOS|ARM.ActiveCfg = Debug|x86
		{244676A3-5EEB-4114-9D49-C3E8AA9DD143}.iOS|Mixed Platforms.ActiveCfg = Release|x86
		{244676A3-5EEB-4114-9D49-C3E8AA9DD143}.iOS|Mixed Platforms.Build.0 = Release|x86
		{244676A3-5EEB-4114-9D49-C3E8AA9DD143}.iOS|Mixed Platforms.Deploy.0 = Release|x86
		{244676A3-5EEB-4114-9D49-C3E8AA9DD143}.iOS|x86.ActiveCfg = Release|x86
		{244676A3-5EEB-4114-9D49-C3E8AA9DD143}.iOS|x86.Build.0 = Release|x86
		{244676A3-5EEB-4114-9D49-C3E8AA9DD143}.iOS|x86.Deploy.0 = Release|x86
		{244676A3-5EEB-4114-9D49-C3E8AA9DD143}.iOS|Xbox 360.ActiveCfg = Release|x86
		{244676A3-5EEB-4114-9D49-C3E8AA9DD143}.Linux|Any CPU.ActiveCfg = Release|x86
		{244676A3-5EEB-4114-9D49-C3E8AA9DD143}.Linux|ARM.ActiveCfg = Debug|x86
		{244676A3-5EEB-4114-9D49-C3E8AA9DD143}.Linux|Mixed Platforms.ActiveCfg = Release|x86
		{244676A3-5EEB-4114-9D49-C3E8AA9DD143}.Linux|Mixed Platforms.Build.0 = Release|x86
		{244676A3-5EEB-4114-9D49-C3E8AA9DD143}.Linux|Mixed Platforms.Deploy.0 = Release|x86
		{244676A3-5EEB-4114-9D49-C3E8AA9DD143}.Linux|x86.ActiveCfg = Release|x86
		{244676A3-5EEB-4114-9D49-C3E8AA9DD143}.Linux|x86.Build.0 = Release|x86
		{244676A3-5EEB-4114-9D49-C3E8AA9DD143}.Linux|x86.Deploy.0 = Release|x86
		{244676A3-5EEB-4114-9D49-C3E8AA9DD143}.Linux|Xbox 360.ActiveCfg = Release|x86
		{244676A3-5EEB-4114-9D49-C3E8AA9DD143}.OSX|Any CPU.ActiveCfg = Release|x86
		{244676A3-5EEB-4114-9D49-C3E8AA9DD143}.OSX|ARM.ActiveCfg = Debug|x86
		{244676A3-5EEB-4114-9D49-C3E8AA9DD143}.OSX|Mixed Platforms.ActiveCfg = Release|x86
		{244676A3-5EEB-4114-9D49-C3E8AA9DD143}.OSX|Mixed Platforms.Build.0 = Release|x86
		{244676A3-5EEB-4114-9D49-C3E8AA9DD143}.OSX|Mixed Platforms.Deploy.0 = Release|x86
		{244676A3-5EEB-4114-9D49-C3E8AA9DD143}.OSX|x86.ActiveCfg = Release|x86
		{244676A3-5EEB-4114-9D49-C3E8AA9DD143}.OSX|x86.Build.0 = Release|x86
		{244676A3-5EEB-4114-9D49-C3E8AA9DD143}.OSX|x86.Deploy.0 = Release|x86
		{244676A3-5EEB-4114-9D49-C3E8AA9DD143}.OSX|Xbox 360.ActiveCfg = Release|x86
		{244676A3-5EEB-4114-9D49-C3E8AA9DD143}.PSM|Any CPU.ActiveCfg = Release|x86
		{244676A3-5EEB-4114-9D49-C3E8AA9DD143}.PSM|ARM.ActiveCfg = Debug|x86
		{244676A3-5EEB-4114-9D49-C3E8AA9DD143}.PSM|Mixed Platforms.ActiveCfg = Release|x86
		{244676A3-5EEB-4114-9D49-C3E8AA9DD143}.PSM|Mixed Platforms.Build.0 = Release|x86
		{244676A3-5EEB-4114-9D49-C3E8AA9DD143}.PSM|Mixed Platforms.Deploy.0 = Release|x86
		{244676A3-5EEB-4114-9D49-C3E8AA9DD143}.PSM|x86.ActiveCfg = Release|x86
		{244676A3-5EEB-4114-9D49-C3E8AA9DD143}.PSM|x86.Build.0 = Release|x86
		{244676A3-5EEB-4114-9D49-C3E8AA9DD143}.PSM|x86.Deploy.0 = Release|x86
		{244676A3-5EEB-4114-9D49-C3E8AA9DD143}.PSM|Xbox 360.ActiveCfg = Release|x86
		{244676A3-5EEB-4114-9D49-C3E8AA9DD143}.Release|Any CPU.ActiveCfg = Release|x86
		{244676A3-5EEB-4114-9D49-C3E8AA9DD143}.Release|ARM.ActiveCfg = Release|x86
		{244676A3-5EEB-4114-9D49-C3E8AA9DD143}.Release|Mixed Platforms.ActiveCfg = Release|x86
		{244676A3-5EEB-4114-9D49-C3E8AA9DD143}.Release|Mixed Platforms.Build.0 = Release|x86
		{244676A3-5EEB-4114-9D49-C3E8AA9DD143}.Release|Mixed Platforms.Deploy.0 = Release|x86
		{244676A3-5EEB-4114-9D49-C3E8AA9DD143}.Release|x86.ActiveCfg = Release|x86
		{244676A3-5EEB-4114-9D49-C3E8AA9DD143}.Release|x86.Build.0 = Release|x86
		{244676A3-5EEB-4114-9D49-C3E8AA9DD143}.Release|x86.Deploy.0 = Release|x86
		{244676A3-5EEB-4114-9D49-C3E8AA9DD143}.Release|Xbox 360.ActiveCfg = Release|x86
		{244676A3-5EEB-4114-9D49-C3E8AA9DD143}.Windows|Any CPU.ActiveCfg = Release|x86
		{244676A3-5EEB-4114-9D49-C3E8AA9DD143}.Windows|ARM.ActiveCfg = Debug|x86
		{244676A3-5EEB-4114-9D49-C3E8AA9DD143}.Windows|Mixed Platforms.ActiveCfg = Release|x86
		{244676A3-5EEB-4114-9D49-C3E8AA9DD143}.Windows|Mixed Platforms.Build.0 = Release|x86
		{244676A3-5EEB-4114-9D49-C3E8AA9DD143}.Windows|Mixed Platforms.Deploy.0 = Release|x86
		{244676A3-5EEB-4114-9D49-C3E8AA9DD143}.Windows|x86.ActiveCfg = Release|x86
		{244676A3-5EEB-4114-9D49-C3E8AA9DD143}.Windows|x86.Build.0 = Release|x86
		{244676A3-5EEB-4114-9D49-C3E8AA9DD143}.Windows|x86.Deploy.0 = Release|x86
		{244676A3-5EEB-4114-9D49-C3E8AA9DD143}.Windows|Xbox 360.ActiveCfg = Release|x86
		{244676A3-5EEB-4114-9D49-C3E8AA9DD143}.Windows8|Any CPU.ActiveCfg = Release|x86
		{244676A3-5EEB-4114-9D49-C3E8AA9DD143}.Windows8|ARM.ActiveCfg = Debug|x86
		{244676A3-5EEB-4114-9D49-C3E8AA9DD143}.Windows8|Mixed Platforms.ActiveCfg = Release|x86
		{244676A3-5EEB-4114-9D49-C3E8AA9DD143}.Windows8|Mixed Platforms.Build.0 = Release|x86
		{244676A3-5EEB-4114-9D49-C3E8AA9DD143}.Windows8|Mixed Platforms.Deploy.0 = Release|x86
		{244676A3-5EEB-4114-9D49-C3E8AA9DD143}.Windows8|x86.ActiveCfg = Release|x86
		{244676A3-5EEB-4114-9D49-C3E8AA9DD143}.Windows8|x86.Build.0 = Release|x86
		{244676A3-5EEB-4114-9D49-C3E8AA9DD143}.Windows8|x86.Deploy.0 = Release|x86
		{244676A3-5EEB-4114-9D49-C3E8AA9DD143}.Windows8|Xbox 360.ActiveCfg = Release|x86
		{EE26AEF8-A984-4D01-AFF6-79FEA4620EB1}.Android|Any CPU.ActiveCfg = Release|Any CPU
		{EE26AEF8-A984-4D01-AFF6-79FEA4620EB1}.Android|Any CPU.Build.0 = Release|Any CPU
		{EE26AEF8-A984-4D01-AFF6-79FEA4620EB1}.Android|ARM.ActiveCfg = Release|Any CPU
		{EE26AEF8-A984-4D01-AFF6-79FEA4620EB1}.Android|Mixed Platforms.ActiveCfg = Release|Any CPU
		{EE26AEF8-A984-4D01-AFF6-79FEA4620EB1}.Android|Mixed Platforms.Build.0 = Release|Any CPU
		{EE26AEF8-A984-4D01-AFF6-79FEA4620EB1}.Android|x86.ActiveCfg = Release|Any CPU
		{EE26AEF8-A984-4D01-AFF6-79FEA4620EB1}.Android|Xbox 360.ActiveCfg = Release|Any CPU
		{EE26AEF8-A984-4D01-AFF6-79FEA4620EB1}.Debug|Any CPU.ActiveCfg = Debug|Any CPU
		{EE26AEF8-A984-4D01-AFF6-79FEA4620EB1}.Debug|Any CPU.Build.0 = Debug|Any CPU
		{EE26AEF8-A984-4D01-AFF6-79FEA4620EB1}.Debug|ARM.ActiveCfg = Debug|Any CPU
		{EE26AEF8-A984-4D01-AFF6-79FEA4620EB1}.Debug|Mixed Platforms.ActiveCfg = Debug|Any CPU
		{EE26AEF8-A984-4D01-AFF6-79FEA4620EB1}.Debug|Mixed Platforms.Build.0 = Debug|Any CPU
		{EE26AEF8-A984-4D01-AFF6-79FEA4620EB1}.Debug|x86.ActiveCfg = Debug|Any CPU
		{EE26AEF8-A984-4D01-AFF6-79FEA4620EB1}.Debug|Xbox 360.ActiveCfg = Debug|Any CPU
		{EE26AEF8-A984-4D01-AFF6-79FEA4620EB1}.iOS|Any CPU.ActiveCfg = Release|Any CPU
		{EE26AEF8-A984-4D01-AFF6-79FEA4620EB1}.iOS|Any CPU.Build.0 = Release|Any CPU
		{EE26AEF8-A984-4D01-AFF6-79FEA4620EB1}.iOS|ARM.ActiveCfg = Release|Any CPU
		{EE26AEF8-A984-4D01-AFF6-79FEA4620EB1}.iOS|Mixed Platforms.ActiveCfg = Release|Any CPU
		{EE26AEF8-A984-4D01-AFF6-79FEA4620EB1}.iOS|Mixed Platforms.Build.0 = Release|Any CPU
		{EE26AEF8-A984-4D01-AFF6-79FEA4620EB1}.iOS|x86.ActiveCfg = Release|Any CPU
		{EE26AEF8-A984-4D01-AFF6-79FEA4620EB1}.iOS|Xbox 360.ActiveCfg = Release|Any CPU
		{EE26AEF8-A984-4D01-AFF6-79FEA4620EB1}.Linux|Any CPU.ActiveCfg = Release|Any CPU
		{EE26AEF8-A984-4D01-AFF6-79FEA4620EB1}.Linux|Any CPU.Build.0 = Release|Any CPU
		{EE26AEF8-A984-4D01-AFF6-79FEA4620EB1}.Linux|ARM.ActiveCfg = Release|Any CPU
		{EE26AEF8-A984-4D01-AFF6-79FEA4620EB1}.Linux|Mixed Platforms.ActiveCfg = Release|Any CPU
		{EE26AEF8-A984-4D01-AFF6-79FEA4620EB1}.Linux|Mixed Platforms.Build.0 = Release|Any CPU
		{EE26AEF8-A984-4D01-AFF6-79FEA4620EB1}.Linux|x86.ActiveCfg = Release|Any CPU
		{EE26AEF8-A984-4D01-AFF6-79FEA4620EB1}.Linux|Xbox 360.ActiveCfg = Release|Any CPU
		{EE26AEF8-A984-4D01-AFF6-79FEA4620EB1}.OSX|Any CPU.ActiveCfg = Release|Any CPU
		{EE26AEF8-A984-4D01-AFF6-79FEA4620EB1}.OSX|Any CPU.Build.0 = Release|Any CPU
		{EE26AEF8-A984-4D01-AFF6-79FEA4620EB1}.OSX|ARM.ActiveCfg = Release|Any CPU
		{EE26AEF8-A984-4D01-AFF6-79FEA4620EB1}.OSX|Mixed Platforms.ActiveCfg = Release|Any CPU
		{EE26AEF8-A984-4D01-AFF6-79FEA4620EB1}.OSX|Mixed Platforms.Build.0 = Release|Any CPU
		{EE26AEF8-A984-4D01-AFF6-79FEA4620EB1}.OSX|x86.ActiveCfg = Release|Any CPU
		{EE26AEF8-A984-4D01-AFF6-79FEA4620EB1}.OSX|Xbox 360.ActiveCfg = Release|Any CPU
		{EE26AEF8-A984-4D01-AFF6-79FEA4620EB1}.PSM|Any CPU.ActiveCfg = Release|Any CPU
		{EE26AEF8-A984-4D01-AFF6-79FEA4620EB1}.PSM|Any CPU.Build.0 = Release|Any CPU
		{EE26AEF8-A984-4D01-AFF6-79FEA4620EB1}.PSM|ARM.ActiveCfg = Release|Any CPU
		{EE26AEF8-A984-4D01-AFF6-79FEA4620EB1}.PSM|Mixed Platforms.ActiveCfg = Release|Any CPU
		{EE26AEF8-A984-4D01-AFF6-79FEA4620EB1}.PSM|Mixed Platforms.Build.0 = Release|Any CPU
		{EE26AEF8-A984-4D01-AFF6-79FEA4620EB1}.PSM|x86.ActiveCfg = Release|Any CPU
		{EE26AEF8-A984-4D01-AFF6-79FEA4620EB1}.PSM|Xbox 360.ActiveCfg = Release|Any CPU
		{EE26AEF8-A984-4D01-AFF6-79FEA4620EB1}.Release|Any CPU.ActiveCfg = Release|Any CPU
		{EE26AEF8-A984-4D01-AFF6-79FEA4620EB1}.Release|Any CPU.Build.0 = Release|Any CPU
		{EE26AEF8-A984-4D01-AFF6-79FEA4620EB1}.Release|ARM.ActiveCfg = Release|Any CPU
		{EE26AEF8-A984-4D01-AFF6-79FEA4620EB1}.Release|Mixed Platforms.ActiveCfg = Release|Any CPU
		{EE26AEF8-A984-4D01-AFF6-79FEA4620EB1}.Release|Mixed Platforms.Build.0 = Release|Any CPU
		{EE26AEF8-A984-4D01-AFF6-79FEA4620EB1}.Release|x86.ActiveCfg = Release|Any CPU
		{EE26AEF8-A984-4D01-AFF6-79FEA4620EB1}.Release|Xbox 360.ActiveCfg = Release|Any CPU
		{EE26AEF8-A984-4D01-AFF6-79FEA4620EB1}.Windows|Any CPU.ActiveCfg = Release|Any CPU
		{EE26AEF8-A984-4D01-AFF6-79FEA4620EB1}.Windows|Any CPU.Build.0 = Release|Any CPU
		{EE26AEF8-A984-4D01-AFF6-79FEA4620EB1}.Windows|ARM.ActiveCfg = Release|Any CPU
		{EE26AEF8-A984-4D01-AFF6-79FEA4620EB1}.Windows|Mixed Platforms.ActiveCfg = Release|Any CPU
		{EE26AEF8-A984-4D01-AFF6-79FEA4620EB1}.Windows|Mixed Platforms.Build.0 = Release|Any CPU
		{EE26AEF8-A984-4D01-AFF6-79FEA4620EB1}.Windows|x86.ActiveCfg = Release|Any CPU
		{EE26AEF8-A984-4D01-AFF6-79FEA4620EB1}.Windows|Xbox 360.ActiveCfg = Release|Any CPU
		{EE26AEF8-A984-4D01-AFF6-79FEA4620EB1}.Windows8|Any CPU.ActiveCfg = Release|Any CPU
		{EE26AEF8-A984-4D01-AFF6-79FEA4620EB1}.Windows8|Any CPU.Build.0 = Release|Any CPU
		{EE26AEF8-A984-4D01-AFF6-79FEA4620EB1}.Windows8|ARM.ActiveCfg = Release|Any CPU
		{EE26AEF8-A984-4D01-AFF6-79FEA4620EB1}.Windows8|Mixed Platforms.ActiveCfg = Release|Any CPU
		{EE26AEF8-A984-4D01-AFF6-79FEA4620EB1}.Windows8|Mixed Platforms.Build.0 = Release|Any CPU
		{EE26AEF8-A984-4D01-AFF6-79FEA4620EB1}.Windows8|x86.ActiveCfg = Release|Any CPU
		{EE26AEF8-A984-4D01-AFF6-79FEA4620EB1}.Windows8|Xbox 360.ActiveCfg = Release|Any CPU
		{7DE47032-A904-4C29-BD22-2D235E8D91BA}.Android|Any CPU.ActiveCfg = Release|Any CPU
		{7DE47032-A904-4C29-BD22-2D235E8D91BA}.Android|Any CPU.Build.0 = Release|Any CPU
		{7DE47032-A904-4C29-BD22-2D235E8D91BA}.Android|ARM.ActiveCfg = Release|Any CPU
		{7DE47032-A904-4C29-BD22-2D235E8D91BA}.Android|Mixed Platforms.ActiveCfg = Release|x86
		{7DE47032-A904-4C29-BD22-2D235E8D91BA}.Android|Mixed Platforms.Build.0 = Release|x86
		{7DE47032-A904-4C29-BD22-2D235E8D91BA}.Android|x86.ActiveCfg = Release|x86
		{7DE47032-A904-4C29-BD22-2D235E8D91BA}.Android|x86.Build.0 = Release|x86
		{7DE47032-A904-4C29-BD22-2D235E8D91BA}.Android|Xbox 360.ActiveCfg = Release|Any CPU
		{7DE47032-A904-4C29-BD22-2D235E8D91BA}.Debug|Any CPU.ActiveCfg = Debug|Any CPU
		{7DE47032-A904-4C29-BD22-2D235E8D91BA}.Debug|Any CPU.Build.0 = Debug|Any CPU
		{7DE47032-A904-4C29-BD22-2D235E8D91BA}.Debug|ARM.ActiveCfg = Debug|Any CPU
		{7DE47032-A904-4C29-BD22-2D235E8D91BA}.Debug|Mixed Platforms.ActiveCfg = Debug|x86
		{7DE47032-A904-4C29-BD22-2D235E8D91BA}.Debug|Mixed Platforms.Build.0 = Debug|x86
		{7DE47032-A904-4C29-BD22-2D235E8D91BA}.Debug|x86.ActiveCfg = Debug|x86
		{7DE47032-A904-4C29-BD22-2D235E8D91BA}.Debug|x86.Build.0 = Debug|x86
		{7DE47032-A904-4C29-BD22-2D235E8D91BA}.Debug|Xbox 360.ActiveCfg = Debug|Any CPU
		{7DE47032-A904-4C29-BD22-2D235E8D91BA}.iOS|Any CPU.ActiveCfg = Release|Any CPU
		{7DE47032-A904-4C29-BD22-2D235E8D91BA}.iOS|Any CPU.Build.0 = Release|Any CPU
		{7DE47032-A904-4C29-BD22-2D235E8D91BA}.iOS|ARM.ActiveCfg = Release|Any CPU
		{7DE47032-A904-4C29-BD22-2D235E8D91BA}.iOS|Mixed Platforms.ActiveCfg = Release|x86
		{7DE47032-A904-4C29-BD22-2D235E8D91BA}.iOS|Mixed Platforms.Build.0 = Release|x86
		{7DE47032-A904-4C29-BD22-2D235E8D91BA}.iOS|x86.ActiveCfg = Release|x86
		{7DE47032-A904-4C29-BD22-2D235E8D91BA}.iOS|x86.Build.0 = Release|x86
		{7DE47032-A904-4C29-BD22-2D235E8D91BA}.iOS|Xbox 360.ActiveCfg = Release|Any CPU
		{7DE47032-A904-4C29-BD22-2D235E8D91BA}.Linux|Any CPU.ActiveCfg = Release|Any CPU
		{7DE47032-A904-4C29-BD22-2D235E8D91BA}.Linux|Any CPU.Build.0 = Release|Any CPU
		{7DE47032-A904-4C29-BD22-2D235E8D91BA}.Linux|ARM.ActiveCfg = Release|Any CPU
		{7DE47032-A904-4C29-BD22-2D235E8D91BA}.Linux|Mixed Platforms.ActiveCfg = Release|x86
		{7DE47032-A904-4C29-BD22-2D235E8D91BA}.Linux|Mixed Platforms.Build.0 = Release|x86
		{7DE47032-A904-4C29-BD22-2D235E8D91BA}.Linux|x86.ActiveCfg = Release|x86
		{7DE47032-A904-4C29-BD22-2D235E8D91BA}.Linux|x86.Build.0 = Release|x86
		{7DE47032-A904-4C29-BD22-2D235E8D91BA}.Linux|Xbox 360.ActiveCfg = Release|Any CPU
		{7DE47032-A904-4C29-BD22-2D235E8D91BA}.OSX|Any CPU.ActiveCfg = Release|Any CPU
		{7DE47032-A904-4C29-BD22-2D235E8D91BA}.OSX|Any CPU.Build.0 = Release|Any CPU
		{7DE47032-A904-4C29-BD22-2D235E8D91BA}.OSX|ARM.ActiveCfg = Release|Any CPU
		{7DE47032-A904-4C29-BD22-2D235E8D91BA}.OSX|Mixed Platforms.ActiveCfg = Release|x86
		{7DE47032-A904-4C29-BD22-2D235E8D91BA}.OSX|Mixed Platforms.Build.0 = Release|x86
		{7DE47032-A904-4C29-BD22-2D235E8D91BA}.OSX|x86.ActiveCfg = Release|x86
		{7DE47032-A904-4C29-BD22-2D235E8D91BA}.OSX|x86.Build.0 = Release|x86
		{7DE47032-A904-4C29-BD22-2D235E8D91BA}.OSX|Xbox 360.ActiveCfg = Release|Any CPU
		{7DE47032-A904-4C29-BD22-2D235E8D91BA}.PSM|Any CPU.ActiveCfg = Release|Any CPU
		{7DE47032-A904-4C29-BD22-2D235E8D91BA}.PSM|Any CPU.Build.0 = Release|Any CPU
		{7DE47032-A904-4C29-BD22-2D235E8D91BA}.PSM|ARM.ActiveCfg = Release|Any CPU
		{7DE47032-A904-4C29-BD22-2D235E8D91BA}.PSM|Mixed Platforms.ActiveCfg = Release|x86
		{7DE47032-A904-4C29-BD22-2D235E8D91BA}.PSM|Mixed Platforms.Build.0 = Release|x86
		{7DE47032-A904-4C29-BD22-2D235E8D91BA}.PSM|x86.ActiveCfg = Release|x86
		{7DE47032-A904-4C29-BD22-2D235E8D91BA}.PSM|x86.Build.0 = Release|x86
		{7DE47032-A904-4C29-BD22-2D235E8D91BA}.PSM|Xbox 360.ActiveCfg = Release|Any CPU
		{7DE47032-A904-4C29-BD22-2D235E8D91BA}.Release|Any CPU.ActiveCfg = Release|Any CPU
		{7DE47032-A904-4C29-BD22-2D235E8D91BA}.Release|Any CPU.Build.0 = Release|Any CPU
		{7DE47032-A904-4C29-BD22-2D235E8D91BA}.Release|ARM.ActiveCfg = Release|Any CPU
		{7DE47032-A904-4C29-BD22-2D235E8D91BA}.Release|Mixed Platforms.ActiveCfg = Release|x86
		{7DE47032-A904-4C29-BD22-2D235E8D91BA}.Release|Mixed Platforms.Build.0 = Release|x86
		{7DE47032-A904-4C29-BD22-2D235E8D91BA}.Release|x86.ActiveCfg = Release|x86
		{7DE47032-A904-4C29-BD22-2D235E8D91BA}.Release|x86.Build.0 = Release|x86
		{7DE47032-A904-4C29-BD22-2D235E8D91BA}.Release|Xbox 360.ActiveCfg = Release|Any CPU
		{7DE47032-A904-4C29-BD22-2D235E8D91BA}.Windows|Any CPU.ActiveCfg = Release|Any CPU
		{7DE47032-A904-4C29-BD22-2D235E8D91BA}.Windows|Any CPU.Build.0 = Release|Any CPU
		{7DE47032-A904-4C29-BD22-2D235E8D91BA}.Windows|ARM.ActiveCfg = Release|Any CPU
		{7DE47032-A904-4C29-BD22-2D235E8D91BA}.Windows|Mixed Platforms.ActiveCfg = Release|x86
		{7DE47032-A904-4C29-BD22-2D235E8D91BA}.Windows|Mixed Platforms.Build.0 = Release|x86
		{7DE47032-A904-4C29-BD22-2D235E8D91BA}.Windows|x86.ActiveCfg = Release|x86
		{7DE47032-A904-4C29-BD22-2D235E8D91BA}.Windows|x86.Build.0 = Release|x86
		{7DE47032-A904-4C29-BD22-2D235E8D91BA}.Windows|Xbox 360.ActiveCfg = Release|Any CPU
		{7DE47032-A904-4C29-BD22-2D235E8D91BA}.Windows8|Any CPU.ActiveCfg = Release|Any CPU
		{7DE47032-A904-4C29-BD22-2D235E8D91BA}.Windows8|Any CPU.Build.0 = Release|Any CPU
		{7DE47032-A904-4C29-BD22-2D235E8D91BA}.Windows8|ARM.ActiveCfg = Release|Any CPU
		{7DE47032-A904-4C29-BD22-2D235E8D91BA}.Windows8|Mixed Platforms.ActiveCfg = Release|x86
		{7DE47032-A904-4C29-BD22-2D235E8D91BA}.Windows8|Mixed Platforms.Build.0 = Release|x86
		{7DE47032-A904-4C29-BD22-2D235E8D91BA}.Windows8|x86.ActiveCfg = Release|x86
		{7DE47032-A904-4C29-BD22-2D235E8D91BA}.Windows8|x86.Build.0 = Release|x86
		{7DE47032-A904-4C29-BD22-2D235E8D91BA}.Windows8|Xbox 360.ActiveCfg = Release|Any CPU
		{AE483C29-042E-4226-BA52-D247CE7676DA}.Android|Any CPU.ActiveCfg = Release|Any CPU
		{AE483C29-042E-4226-BA52-D247CE7676DA}.Android|Any CPU.Build.0 = Release|Any CPU
		{AE483C29-042E-4226-BA52-D247CE7676DA}.Android|ARM.ActiveCfg = Release|Any CPU
		{AE483C29-042E-4226-BA52-D247CE7676DA}.Android|Mixed Platforms.ActiveCfg = Release|Any CPU
		{AE483C29-042E-4226-BA52-D247CE7676DA}.Android|Mixed Platforms.Build.0 = Release|Any CPU
		{AE483C29-042E-4226-BA52-D247CE7676DA}.Android|x86.ActiveCfg = Release|Any CPU
		{AE483C29-042E-4226-BA52-D247CE7676DA}.Android|Xbox 360.ActiveCfg = Release|Any CPU
		{AE483C29-042E-4226-BA52-D247CE7676DA}.Debug|Any CPU.ActiveCfg = Debug|Any CPU
		{AE483C29-042E-4226-BA52-D247CE7676DA}.Debug|Any CPU.Build.0 = Debug|Any CPU
		{AE483C29-042E-4226-BA52-D247CE7676DA}.Debug|ARM.ActiveCfg = Debug|Any CPU
		{AE483C29-042E-4226-BA52-D247CE7676DA}.Debug|Mixed Platforms.ActiveCfg = Debug|Any CPU
		{AE483C29-042E-4226-BA52-D247CE7676DA}.Debug|Mixed Platforms.Build.0 = Debug|Any CPU
		{AE483C29-042E-4226-BA52-D247CE7676DA}.Debug|x86.ActiveCfg = Debug|Any CPU
		{AE483C29-042E-4226-BA52-D247CE7676DA}.Debug|Xbox 360.ActiveCfg = Debug|Any CPU
		{AE483C29-042E-4226-BA52-D247CE7676DA}.iOS|Any CPU.ActiveCfg = Release|Any CPU
		{AE483C29-042E-4226-BA52-D247CE7676DA}.iOS|Any CPU.Build.0 = Release|Any CPU
		{AE483C29-042E-4226-BA52-D247CE7676DA}.iOS|ARM.ActiveCfg = Release|Any CPU
		{AE483C29-042E-4226-BA52-D247CE7676DA}.iOS|Mixed Platforms.ActiveCfg = Release|Any CPU
		{AE483C29-042E-4226-BA52-D247CE7676DA}.iOS|Mixed Platforms.Build.0 = Release|Any CPU
		{AE483C29-042E-4226-BA52-D247CE7676DA}.iOS|x86.ActiveCfg = Release|Any CPU
		{AE483C29-042E-4226-BA52-D247CE7676DA}.iOS|Xbox 360.ActiveCfg = Release|Any CPU
		{AE483C29-042E-4226-BA52-D247CE7676DA}.Linux|Any CPU.ActiveCfg = Release|Any CPU
		{AE483C29-042E-4226-BA52-D247CE7676DA}.Linux|Any CPU.Build.0 = Release|Any CPU
		{AE483C29-042E-4226-BA52-D247CE7676DA}.Linux|ARM.ActiveCfg = Release|Any CPU
		{AE483C29-042E-4226-BA52-D247CE7676DA}.Linux|Mixed Platforms.ActiveCfg = Release|Any CPU
		{AE483C29-042E-4226-BA52-D247CE7676DA}.Linux|Mixed Platforms.Build.0 = Release|Any CPU
		{AE483C29-042E-4226-BA52-D247CE7676DA}.Linux|x86.ActiveCfg = Release|Any CPU
		{AE483C29-042E-4226-BA52-D247CE7676DA}.Linux|Xbox 360.ActiveCfg = Release|Any CPU
		{AE483C29-042E-4226-BA52-D247CE7676DA}.OSX|Any CPU.ActiveCfg = Release|Any CPU
		{AE483C29-042E-4226-BA52-D247CE7676DA}.OSX|Any CPU.Build.0 = Release|Any CPU
		{AE483C29-042E-4226-BA52-D247CE7676DA}.OSX|ARM.ActiveCfg = Release|Any CPU
		{AE483C29-042E-4226-BA52-D247CE7676DA}.OSX|Mixed Platforms.ActiveCfg = Release|Any CPU
		{AE483C29-042E-4226-BA52-D247CE7676DA}.OSX|Mixed Platforms.Build.0 = Release|Any CPU
		{AE483C29-042E-4226-BA52-D247CE7676DA}.OSX|x86.ActiveCfg = Release|Any CPU
		{AE483C29-042E-4226-BA52-D247CE7676DA}.OSX|Xbox 360.ActiveCfg = Release|Any CPU
		{AE483C29-042E-4226-BA52-D247CE7676DA}.PSM|Any CPU.ActiveCfg = Release|Any CPU
		{AE483C29-042E-4226-BA52-D247CE7676DA}.PSM|Any CPU.Build.0 = Release|Any CPU
		{AE483C29-042E-4226-BA52-D247CE7676DA}.PSM|ARM.ActiveCfg = Release|Any CPU
		{AE483C29-042E-4226-BA52-D247CE7676DA}.PSM|Mixed Platforms.ActiveCfg = Release|Any CPU
		{AE483C29-042E-4226-BA52-D247CE7676DA}.PSM|Mixed Platforms.Build.0 = Release|Any CPU
		{AE483C29-042E-4226-BA52-D247CE7676DA}.PSM|x86.ActiveCfg = Release|Any CPU
		{AE483C29-042E-4226-BA52-D247CE7676DA}.PSM|Xbox 360.ActiveCfg = Release|Any CPU
		{AE483C29-042E-4226-BA52-D247CE7676DA}.Release|Any CPU.ActiveCfg = Release|Any CPU
		{AE483C29-042E-4226-BA52-D247CE7676DA}.Release|Any CPU.Build.0 = Release|Any CPU
		{AE483C29-042E-4226-BA52-D247CE7676DA}.Release|ARM.ActiveCfg = Release|Any CPU
		{AE483C29-042E-4226-BA52-D247CE7676DA}.Release|Mixed Platforms.ActiveCfg = Release|Any CPU
		{AE483C29-042E-4226-BA52-D247CE7676DA}.Release|Mixed Platforms.Build.0 = Release|Any CPU
		{AE483C29-042E-4226-BA52-D247CE7676DA}.Release|x86.ActiveCfg = Release|Any CPU
		{AE483C29-042E-4226-BA52-D247CE7676DA}.Release|Xbox 360.ActiveCfg = Release|Any CPU
		{AE483C29-042E-4226-BA52-D247CE7676DA}.Windows|Any CPU.ActiveCfg = Release|Any CPU
		{AE483C29-042E-4226-BA52-D247CE7676DA}.Windows|Any CPU.Build.0 = Release|Any CPU
		{AE483C29-042E-4226-BA52-D247CE7676DA}.Windows|ARM.ActiveCfg = Release|Any CPU
		{AE483C29-042E-4226-BA52-D247CE7676DA}.Windows|Mixed Platforms.ActiveCfg = Release|Any CPU
		{AE483C29-042E-4226-BA52-D247CE7676DA}.Windows|Mixed Platforms.Build.0 = Release|Any CPU
		{AE483C29-042E-4226-BA52-D247CE7676DA}.Windows|x86.ActiveCfg = Release|Any CPU
		{AE483C29-042E-4226-BA52-D247CE7676DA}.Windows|Xbox 360.ActiveCfg = Release|Any CPU
		{AE483C29-042E-4226-BA52-D247CE7676DA}.Windows8|Any CPU.ActiveCfg = Release|Any CPU
		{AE483C29-042E-4226-BA52-D247CE7676DA}.Windows8|Any CPU.Build.0 = Release|Any CPU
		{AE483C29-042E-4226-BA52-D247CE7676DA}.Windows8|ARM.ActiveCfg = Release|Any CPU
		{AE483C29-042E-4226-BA52-D247CE7676DA}.Windows8|Mixed Platforms.ActiveCfg = Release|Any CPU
		{AE483C29-042E-4226-BA52-D247CE7676DA}.Windows8|Mixed Platforms.Build.0 = Release|Any CPU
		{AE483C29-042E-4226-BA52-D247CE7676DA}.Windows8|x86.ActiveCfg = Release|Any CPU
		{AE483C29-042E-4226-BA52-D247CE7676DA}.Windows8|Xbox 360.ActiveCfg = Release|Any CPU
	EndGlobalSection
	GlobalSection(SolutionProperties) = preSolution
		HideSolutionNode = FALSE
	EndGlobalSection
EndGlobal
